
Microsoft Visual Studio Solution File, Format Version 12.00
# Visual Studio 2012
Project("{FAE04EC0-301F-11D3-BF4B-00C04F79EFBC}") = "MVC_project", "MVC_project\MVC_project.csproj", "{CCAA6162-9B61-4594-8472-56108B268A7C}"
EndProject
Project("{FAE04EC0-301F-11D3-BF4B-00C04F79EFBC}") = "MVC_project.Tests", "MVC_project.Tests\MVC_project.Tests.csproj", "{3D53F356-CC91-47DD-8B01-A0574AA555F2}"
EndProject
Global
	GlobalSection(SolutionConfigurationPlatforms) = preSolution
		Debug|Any CPU = Debug|Any CPU
		Release|Any CPU = Release|Any CPU
	EndGlobalSection
	GlobalSection(ProjectConfigurationPlatforms) = postSolution
		{CCAA6162-9B61-4594-8472-56108B268A7C}.Debug|Any CPU.ActiveCfg = Debug|Any CPU
		{CCAA6162-9B61-4594-8472-56108B268A7C}.Debug|Any CPU.Build.0 = Debug|Any CPU
		{CCAA6162-9B61-4594-8472-56108B268A7C}.Release|Any CPU.ActiveCfg = Release|Any CPU
		{CCAA6162-9B61-4594-8472-56108B268A7C}.Release|Any CPU.Build.0 = Release|Any CPU
		{3D53F356-CC91-47DD-8B01-A0574AA555F2}.Debug|Any CPU.ActiveCfg = Debug|Any CPU
		{3D53F356-CC91-47DD-8B01-A0574AA555F2}.Debug|Any CPU.Build.0 = Debug|Any CPU
		{3D53F356-CC91-47DD-8B01-A0574AA555F2}.Release|Any CPU.ActiveCfg = Release|Any CPU
		{3D53F356-CC91-47DD-8B01-A0574AA555F2}.Release|Any CPU.Build.0 = Release|Any CPU
	EndGlobalSection
	GlobalSection(SolutionProperties) = preSolution
		HideSolutionNode = FALSE
	EndGlobalSection
EndGlobal
